
Microsoft Visual Studio Solution File, Format Version 12.00
# Visual Studio 15
VisualStudioVersion = 15.0.28307.1062
MinimumVisualStudioVersion = 10.0.40219.1
Project("{8BC9CEB8-8B4A-11D0-8D11-00A0C91BC942}") = "AlgorithmConsole", "AlgorithmConsole\AlgorithmConsole.vcxproj", "{AE6329A2-4E0A-46CF-9D5E-760FE2931A5E}"
EndProject
Global
	GlobalSection(SolutionConfigurationPlatforms) = preSolution
		Debug|x64 = Debug|x64
		Debug|x86 = Debug|x86
		Release|x64 = Release|x64
		Release|x86 = Release|x86
	EndGlobalSection
	GlobalSection(ProjectConfigurationPlatforms) = postSolution
		{AE6329A2-4E0A-46CF-9D5E-760FE2931A5E}.Debug|x64.ActiveCfg = Debug|x64
		{AE6329A2-4E0A-46CF-9D5E-760FE2931A5E}.Debug|x64.Build.0 = Debug|x64
		{AE6329A2-4E0A-46CF-9D5E-760FE2931A5E}.Debug|x86.ActiveCfg = Debug|Win32
		{AE6329A2-4E0A-46CF-9D5E-760FE2931A5E}.Debug|x86.Build.0 = Debug|Win32
		{AE6329A2-4E0A-46CF-9D5E-760FE2931A5E}.Release|x64.ActiveCfg = Release|x64
		{AE6329A2-4E0A-46CF-9D5E-760FE2931A5E}.Release|x64.Build.0 = Release|x64
		{AE6329A2-4E0A-46CF-9D5E-760FE2931A5E}.Release|x86.ActiveCfg = Release|Win32
		{AE6329A2-4E0A-46CF-9D5E-760FE2931A5E}.Release|x86.Build.0 = Release|Win32
	EndGlobalSection
	GlobalSection(SolutionProperties) = preSolution
		HideSolutionNode = FALSE
	EndGlobalSection
	GlobalSection(ExtensibilityGlobals) = postSolution
		SolutionGuid = {CF635533-89B8-45B2-B93B-65877633DBF0}
	EndGlobalSection
EndGlobal
